// !$*UTF8*$!
{
	archiveVersion = 1;
	classes = {
	};
	objectVersion = 55;
	objects = {

/* Begin PBXBuildFile section */
		303CB35C276A75B300715AD3 /* MovieChallengeApp.swift in Sources */ = {isa = PBXBuildFile; fileRef = 303CB35B276A75B300715AD3 /* MovieChallengeApp.swift */; };
		303CB35E276A75B300715AD3 /* ContentView.swift in Sources */ = {isa = PBXBuildFile; fileRef = 303CB35D276A75B300715AD3 /* ContentView.swift */; };
		303CB360276A75B400715AD3 /* Assets.xcassets in Resources */ = {isa = PBXBuildFile; fileRef = 303CB35F276A75B400715AD3 /* Assets.xcassets */; };
		303CB363276A75B400715AD3 /* Preview Assets.xcassets in Resources */ = {isa = PBXBuildFile; fileRef = 303CB362276A75B400715AD3 /* Preview Assets.xcassets */; };
		303CB36D276A75B400715AD3 /* MovieChallengeTests.swift in Sources */ = {isa = PBXBuildFile; fileRef = 303CB36C276A75B400715AD3 /* MovieChallengeTests.swift */; };
		303CB377276A75B400715AD3 /* MovieChallengeUITests.swift in Sources */ = {isa = PBXBuildFile; fileRef = 303CB376276A75B400715AD3 /* MovieChallengeUITests.swift */; };
		303CB379276A75B400715AD3 /* MovieChallengeUITestsLaunchTests.swift in Sources */ = {isa = PBXBuildFile; fileRef = 303CB378276A75B400715AD3 /* MovieChallengeUITestsLaunchTests.swift */; };
		303CB386276A766100715AD3 /* Instructions.pdf in Resources */ = {isa = PBXBuildFile; fileRef = 303CB385276A766100715AD3 /* Instructions.pdf */; };
/* End PBXBuildFile section */

/* Begin PBXContainerItemProxy section */
		303CB369276A75B400715AD3 /* PBXContainerItemProxy */ = {
			isa = PBXContainerItemProxy;
			containerPortal = 303CB350276A75B300715AD3 /* Project object */;
			proxyType = 1;
			remoteGlobalIDString = 303CB357276A75B300715AD3;
			remoteInfo = MovieChallenge;
		};
		303CB373276A75B400715AD3 /* PBXContainerItemProxy */ = {
			isa = PBXContainerItemProxy;
			containerPortal = 303CB350276A75B300715AD3 /* Project object */;
			proxyType = 1;
			remoteGlobalIDString = 303CB357276A75B300715AD3;
			remoteInfo = MovieChallenge;
		};
/* End PBXContainerItemProxy section */

/* Begin PBXFileReference section */
		303CB358276A75B300715AD3 /* MovieChallenge.app */ = {isa = PBXFileReference; explicitFileType = wrapper.application; includeInIndex = 0; path = MovieChallenge.app; sourceTree = BUILT_PRODUCTS_DIR; };
		303CB35B276A75B300715AD3 /* MovieChallengeApp.swift */ = {isa = PBXFileReference; lastKnownFileType = sourcecode.swift; path = MovieChallengeApp.swift; sourceTree = "<group>"; };
		303CB35D276A75B300715AD3 /* ContentView.swift */ = {isa = PBXFileReference; lastKnownFileType = sourcecode.swift; path = ContentView.swift; sourceTree = "<group>"; };
		303CB35F276A75B400715AD3 /* Assets.xcassets */ = {isa = PBXFileReference; lastKnownFileType = folder.assetcatalog; path = Assets.xcassets; sourceTree = "<group>"; };
		303CB362276A75B400715AD3 /* Preview Assets.xcassets */ = {isa = PBXFileReference; lastKnownFileType = folder.assetcatalog; path = "Preview Assets.xcassets"; sourceTree = "<group>"; };
		303CB368276A75B400715AD3 /* MovieChallengeTests.xctest */ = {isa = PBXFileReference; explicitFileType = wrapper.cfbundle; includeInIndex = 0; path = MovieChallengeTests.xctest; sourceTree = BUILT_PRODUCTS_DIR; };
		303CB36C276A75B400715AD3 /* MovieChallengeTests.swift */ = {isa = PBXFileReference; lastKnownFileType = sourcecode.swift; path = MovieChallengeTests.swift; sourceTree = "<group>"; };
		303CB372276A75B400715AD3 /* MovieChallengeUITests.xctest */ = {isa = PBXFileReference; explicitFileType = wrapper.cfbundle; includeInIndex = 0; path = MovieChallengeUITests.xctest; sourceTree = BUILT_PRODUCTS_DIR; };
		303CB376276A75B400715AD3 /* MovieChallengeUITests.swift */ = {isa = PBXFileReference; lastKnownFileType = sourcecode.swift; path = MovieChallengeUITests.swift; sourceTree = "<group>"; };
		303CB378276A75B400715AD3 /* MovieChallengeUITestsLaunchTests.swift */ = {isa = PBXFileReference; lastKnownFileType = sourcecode.swift; path = MovieChallengeUITestsLaunchTests.swift; sourceTree = "<group>"; };
		303CB385276A766100715AD3 /* Instructions.pdf */ = {isa = PBXFileReference; lastKnownFileType = image.pdf; path = Instructions.pdf; sourceTree = "<group>"; };
/* End PBXFileReference section */

/* Begin PBXFrameworksBuildPhase section */
		303CB355276A75B300715AD3 /* Frameworks */ = {
			isa = PBXFrameworksBuildPhase;
			buildActionMask = 2147483647;
			files = (
			);
			runOnlyForDeploymentPostprocessing = 0;
		};
		303CB365276A75B400715AD3 /* Frameworks */ = {
			isa = PBXFrameworksBuildPhase;
			buildActionMask = 2147483647;
			files = (
			);
			runOnlyForDeploymentPostprocessing = 0;
		};
		303CB36F276A75B400715AD3 /* Frameworks */ = {
			isa = PBXFrameworksBuildPhase;
			buildActionMask = 2147483647;
			files = (
			);
			runOnlyForDeploymentPostprocessing = 0;
		};
/* End PBXFrameworksBuildPhase section */

/* Begin PBXGroup section */
		303CB34F276A75B300715AD3 = {
			isa = PBXGroup;
			children = (
				303CB385276A766100715AD3 /* Instructions.pdf */,
				303CB35A276A75B300715AD3 /* MovieChallenge */,
				303CB36B276A75B400715AD3 /* MovieChallengeTests */,
				303CB375276A75B400715AD3 /* MovieChallengeUITests */,
				303CB359276A75B300715AD3 /* Products */,
			);
			sourceTree = "<group>";
		};
		303CB359276A75B300715AD3 /* Products */ = {
			isa = PBXGroup;
			children = (
				303CB358276A75B300715AD3 /* MovieChallenge.app */,
				303CB368276A75B400715AD3 /* MovieChallengeTests.xctest */,
				303CB372276A75B400715AD3 /* MovieChallengeUITests.xctest */,
			);
			name = Products;
			sourceTree = "<group>";
		};
		303CB35A276A75B300715AD3 /* MovieChallenge */ = {
			isa = PBXGroup;
			children = (
				303CB35B276A75B300715AD3 /* MovieChallengeApp.swift */,
				303CB35D276A75B300715AD3 /* ContentView.swift */,
				303CB35F276A75B400715AD3 /* Assets.xcassets */,
				303CB361276A75B400715AD3 /* Preview Content */,
			);
			path = MovieChallenge;
			sourceTree = "<group>";
		};
		303CB361276A75B400715AD3 /* Preview Content */ = {
			isa = PBXGroup;
			children = (
				303CB362276A75B400715AD3 /* Preview Assets.xcassets */,
			);
			path = "Preview Content";
			sourceTree = "<group>";
		};
		303CB36B276A75B400715AD3 /* MovieChallengeTests */ = {
			isa = PBXGroup;
			children = (
				303CB36C276A75B400715AD3 /* MovieChallengeTests.swift */,
			);
			path = MovieChallengeTests;
			sourceTree = "<group>";
		};
		303CB375276A75B400715AD3 /* MovieChallengeUITests */ = {
			isa = PBXGroup;
			children = (
				303CB376276A75B400715AD3 /* MovieChallengeUITests.swift */,
				303CB378276A75B400715AD3 /* MovieChallengeUITestsLaunchTests.swift */,
			);
			path = MovieChallengeUITests;
			sourceTree = "<group>";
		};
/* End PBXGroup section */

/* Begin PBXNativeTarget section */
		303CB357276A75B300715AD3 /* MovieChallenge */ = {
			isa = PBXNativeTarget;
			buildConfigurationList = 303CB37C276A75B400715AD3 /* Build configuration list for PBXNativeTarget "MovieChallenge" */;
			buildPhases = (
				303CB354276A75B300715AD3 /* Sources */,
				303CB355276A75B300715AD3 /* Frameworks */,
				303CB356276A75B300715AD3 /* Resources */,
			);
			buildRules = (
			);
			dependencies = (
			);
			name = MovieChallenge;
			productName = MovieChallenge;
			productReference = 303CB358276A75B300715AD3 /* MovieChallenge.app */;
			productType = "com.apple.product-type.application";
		};
		303CB367276A75B400715AD3 /* MovieChallengeTests */ = {
			isa = PBXNativeTarget;
			buildConfigurationList = 303CB37F276A75B400715AD3 /* Build configuration list for PBXNativeTarget "MovieChallengeTests" */;
			buildPhases = (
				303CB364276A75B400715AD3 /* Sources */,
				303CB365276A75B400715AD3 /* Frameworks */,
				303CB366276A75B400715AD3 /* Resources */,
			);
			buildRules = (
			);
			dependencies = (
				303CB36A276A75B400715AD3 /* PBXTargetDependency */,
			);
			name = MovieChallengeTests;
			productName = MovieChallengeTests;
			productReference = 303CB368276A75B400715AD3 /* MovieChallengeTests.xctest */;
			productType = "com.apple.product-type.bundle.unit-test";
		};
		303CB371276A75B400715AD3 /* MovieChallengeUITests */ = {
			isa = PBXNativeTarget;
			buildConfigurationList = 303CB382276A75B400715AD3 /* Build configuration list for PBXNativeTarget "MovieChallengeUITests" */;
			buildPhases = (
				303CB36E276A75B400715AD3 /* Sources */,
				303CB36F276A75B400715AD3 /* Frameworks */,
				303CB370276A75B400715AD3 /* Resources */,
			);
			buildRules = (
			);
			dependencies = (
				303CB374276A75B400715AD3 /* PBXTargetDependency */,
			);
			name = MovieChallengeUITests;
			productName = MovieChallengeUITests;
			productReference = 303CB372276A75B400715AD3 /* MovieChallengeUITests.xctest */;
			productType = "com.apple.product-type.bundle.ui-testing";
		};
/* End PBXNativeTarget section */

/* Begin PBXProject section */
		303CB350276A75B300715AD3 /* Project object */ = {
			isa = PBXProject;
			attributes = {
				BuildIndependentTargetsInParallel = 1;
				LastSwiftUpdateCheck = 1300;
				LastUpgradeCheck = 1300;
				TargetAttributes = {
					303CB357276A75B300715AD3 = {
						CreatedOnToolsVersion = 13.0;
					};
					303CB367276A75B400715AD3 = {
						CreatedOnToolsVersion = 13.0;
						TestTargetID = 303CB357276A75B300715AD3;
					};
					303CB371276A75B400715AD3 = {
						CreatedOnToolsVersion = 13.0;
						TestTargetID = 303CB357276A75B300715AD3;
					};
				};
			};
			buildConfigurationList = 303CB353276A75B300715AD3 /* Build configuration list for PBXProject "MovieChallenge" */;
			compatibilityVersion = "Xcode 13.0";
			developmentRegion = en;
			hasScannedForEncodings = 0;
			knownRegions = (
				en,
				Base,
			);
			mainGroup = 303CB34F276A75B300715AD3;
			productRefGroup = 303CB359276A75B300715AD3 /* Products */;
			projectDirPath = "";
			projectRoot = "";
			targets = (
				303CB357276A75B300715AD3 /* MovieChallenge */,
				303CB367276A75B400715AD3 /* MovieChallengeTests */,
				303CB371276A75B400715AD3 /* MovieChallengeUITests */,
			);
		};
/* End PBXProject section */

/* Begin PBXResourcesBuildPhase section */
		303CB356276A75B300715AD3 /* Resources */ = {
			isa = PBXResourcesBuildPhase;
			buildActionMask = 2147483647;
			files = (
				303CB386276A766100715AD3 /* Instructions.pdf in Resources */,
				303CB363276A75B400715AD3 /* Preview Assets.xcassets in Resources */,
				303CB360276A75B400715AD3 /* Assets.xcassets in Resources */,
			);
			runOnlyForDeploymentPostprocessing = 0;
		};
		303CB366276A75B400715AD3 /* Resources */ = {
			isa = PBXResourcesBuildPhase;
			buildActionMask = 2147483647;
			files = (
			);
			runOnlyForDeploymentPostprocessing = 0;
		};
		303CB370276A75B400715AD3 /* Resources */ = {
			isa = PBXResourcesBuildPhase;
			buildActionMask = 2147483647;
			files = (
			);
			runOnlyForDeploymentPostprocessing = 0;
		};
/* End PBXResourcesBuildPhase section */

/* Begin PBXSourcesBuildPhase section */
		303CB354276A75B300715AD3 /* Sources */ = {
			isa = PBXSourcesBuildPhase;
			buildActionMask = 2147483647;
			files = (
				303CB35E276A75B300715AD3 /* ContentView.swift in Sources */,
				303CB35C276A75B300715AD3 /* MovieChallengeApp.swift in Sources */,
			);
			runOnlyForDeploymentPostprocessing = 0;
		};
		303CB364276A75B400715AD3 /* Sources */ = {
			isa = PBXSourcesBuildPhase;
			buildActionMask = 2147483647;
			files = (
				303CB36D276A75B400715AD3 /* MovieChallengeTests.swift in Sources */,
			);
			runOnlyForDeploymentPostprocessing = 0;
		};
		303CB36E276A75B400715AD3 /* Sources */ = {
			isa = PBXSourcesBuildPhase;
			buildActionMask = 2147483647;
			files = (
				303CB377276A75B400715AD3 /* MovieChallengeUITests.swift in Sources */,
				303CB379276A75B400715AD3 /* MovieChallengeUITestsLaunchTests.swift in Sources */,
			);
			runOnlyForDeploymentPostprocessing = 0;
		};
/* End PBXSourcesBuildPhase section */

/* Begin PBXTargetDependency section */
		303CB36A276A75B400715AD3 /* PBXTargetDependency */ = {
			isa = PBXTargetDependency;
			target = 303CB357276A75B300715AD3 /* MovieChallenge */;
			targetProxy = 303CB369276A75B400715AD3 /* PBXContainerItemProxy */;
		};
		303CB374276A75B400715AD3 /* PBXTargetDependency */ = {
			isa = PBXTargetDependency;
			target = 303CB357276A75B300715AD3 /* MovieChallenge */;
			targetProxy = 303CB373276A75B400715AD3 /* PBXContainerItemProxy */;
		};
/* End PBXTargetDependency section */

/* Begin XCBuildConfiguration section */
		303CB37A276A75B400715AD3 /* Debug */ = {
			isa = XCBuildConfiguration;
			buildSettings = {
				ALWAYS_SEARCH_USER_PATHS = NO;
				CLANG_ANALYZER_NONNULL = YES;
				CLANG_ANALYZER_NUMBER_OBJECT_CONVERSION = YES_AGGRESSIVE;
				CLANG_CXX_LANGUAGE_STANDARD = "gnu++17";
				CLANG_CXX_LIBRARY = "libc++";
				CLANG_ENABLE_MODULES = YES;
				CLANG_ENABLE_OBJC_ARC = YES;
				CLANG_ENABLE_OBJC_WEAK = YES;
				CLANG_WARN_BLOCK_CAPTURE_AUTORELEASING = YES;
				CLANG_WARN_BOOL_CONVERSION = YES;
				CLANG_WARN_COMMA = YES;
				CLANG_WARN_CONSTANT_CONVERSION = YES;
				CLANG_WARN_DEPRECATED_OBJC_IMPLEMENTATIONS = YES;
				CLANG_WARN_DIRECT_OBJC_ISA_USAGE = YES_ERROR;
				CLANG_WARN_DOCUMENTATION_COMMENTS = YES;
				CLANG_WARN_EMPTY_BODY = YES;
				CLANG_WARN_ENUM_CONVERSION = YES;
				CLANG_WARN_INFINITE_RECURSION = YES;
				CLANG_WARN_INT_CONVERSION = YES;
				CLANG_WARN_NON_LITERAL_NULL_CONVERSION = YES;
				CLANG_WARN_OBJC_IMPLICIT_RETAIN_SELF = YES;
				CLANG_WARN_OBJC_LITERAL_CONVERSION = YES;
				CLANG_WARN_OBJC_ROOT_CLASS = YES_ERROR;
				CLANG_WARN_QUOTED_INCLUDE_IN_FRAMEWORK_HEADER = YES;
				CLANG_WARN_RANGE_LOOP_ANALYSIS = YES;
				CLANG_WARN_STRICT_PROTOTYPES = YES;
				CLANG_WARN_SUSPICIOUS_MOVE = YES;
				CLANG_WARN_UNGUARDED_AVAILABILITY = YES_AGGRESSIVE;
				CLANG_WARN_UNREACHABLE_CODE = YES;
				CLANG_WARN__DUPLICATE_METHOD_MATCH = YES;
				COPY_PHASE_STRIP = NO;
				DEBUG_INFORMATION_FORMAT = dwarf;
				ENABLE_STRICT_OBJC_MSGSEND = YES;
				ENABLE_TESTABILITY = YES;
				GCC_C_LANGUAGE_STANDARD = gnu11;
				GCC_DYNAMIC_NO_PIC = NO;
				GCC_NO_COMMON_BLOCKS = YES;
				GCC_OPTIMIZATION_LEVEL = 0;
				GCC_PREPROCESSOR_DEFINITIONS = (
					"DEBUG=1",
					"$(inherited)",
				);
				GCC_WARN_64_TO_32_BIT_CONVERSION = YES;
				GCC_WARN_ABOUT_RETURN_TYPE = YES_ERROR;
				GCC_WARN_UNDECLARED_SELECTOR = YES;
				GCC_WARN_UNINITIALIZED_AUTOS = YES_AGGRESSIVE;
				GCC_WARN_UNUSED_FUNCTION = YES;
				GCC_WARN_UNUSED_VARIABLE = YES;
				IPHONEOS_DEPLOYMENT_TARGET = 15.0;
				MTL_ENABLE_DEBUG_INFO = INCLUDE_SOURCE;
				MTL_FAST_MATH = YES;
				ONLY_ACTIVE_ARCH = YES;
				SDKROOT = iphoneos;
				SWIFT_ACTIVE_COMPILATION_CONDITIONS = DEBUG;
				SWIFT_OPTIMIZATION_LEVEL = "-Onone";
			};
			name = Debug;
		};
		303CB37B276A75B400715AD3 /* Release */ = {
			isa = XCBuildConfiguration;
			buildSettings = {
				ALWAYS_SEARCH_USER_PATHS = NO;
				CLANG_ANALYZER_NONNULL = YES;
				CLANG_ANALYZER_NUMBER_OBJECT_CONVERSION = YES_AGGRESSIVE;
				CLANG_CXX_LANGUAGE_STANDARD = "gnu++17";
				CLANG_CXX_LIBRARY = "libc++";
				CLANG_ENABLE_MODULES = YES;
				CLANG_ENABLE_OBJC_ARC = YES;
				CLANG_ENABLE_OBJC_WEAK = YES;
				CLANG_WARN_BLOCK_CAPTURE_AUTORELEASING = YES;
				CLANG_WARN_BOOL_CONVERSION = YES;
				CLANG_WARN_COMMA = YES;
				CLANG_WARN_CONSTANT_CONVERSION = YES;
				CLANG_WARN_DEPRECATED_OBJC_IMPLEMENTATIONS = YES;
				CLANG_WARN_DIRECT_OBJC_ISA_USAGE = YES_ERROR;
				CLANG_WARN_DOCUMENTATION_COMMENTS = YES;
				CLANG_WARN_EMPTY_BODY = YES;
				CLANG_WARN_ENUM_CONVERSION = YES;
				CLANG_WARN_INFINITE_RECURSION = YES;
				CLANG_WARN_INT_CONVERSION = YES;
				CLANG_WARN_NON_LITERAL_NULL_CONVERSION = YES;
				CLANG_WARN_OBJC_IMPLICIT_RETAIN_SELF = YES;
				CLANG_WARN_OBJC_LITERAL_CONVERSION = YES;
				CLANG_WARN_OBJC_ROOT_CLASS = YES_ERROR;
				CLANG_WARN_QUOTED_INCLUDE_IN_FRAMEWORK_HEADER = YES;
				CLANG_WARN_RANGE_LOOP_ANALYSIS = YES;
				CLANG_WARN_STRICT_PROTOTYPES = YES;
				CLANG_WARN_SUSPICIOUS_MOVE = YES;
				CLANG_WARN_UNGUARDED_AVAILABILITY = YES_AGGRESSIVE;
				CLANG_WARN_UNREACHABLE_CODE = YES;
				CLANG_WARN__DUPLICATE_METHOD_MATCH = YES;
				COPY_PHASE_STRIP = NO;
				DEBUG_INFORMATION_FORMAT = "dwarf-with-dsym";
				ENABLE_NS_ASSERTIONS = NO;
				ENABLE_STRICT_OBJC_MSGSEND = YES;
				GCC_C_LANGUAGE_STANDARD = gnu11;
				GCC_NO_COMMON_BLOCKS = YES;
				GCC_WARN_64_TO_32_BIT_CONVERSION = YES;
				GCC_WARN_ABOUT_RETURN_TYPE = YES_ERROR;
				GCC_WARN_UNDECLARED_SELECTOR = YES;
				GCC_WARN_UNINITIALIZED_AUTOS = YES_AGGRESSIVE;
				GCC_WARN_UNUSED_FUNCTION = YES;
				GCC_WARN_UNUSED_VARIABLE = YES;
				IPHONEOS_DEPLOYMENT_TARGET = 15.0;
				MTL_ENABLE_DEBUG_INFO = NO;
				MTL_FAST_MATH = YES;
				SDKROOT = iphoneos;
				SWIFT_COMPILATION_MODE = wholemodule;
				SWIFT_OPTIMIZATION_LEVEL = "-O";
				VALIDATE_PRODUCT = YES;
			};
			name = Release;
		};
		303CB37D276A75B400715AD3 /* Debug */ = {
			isa = XCBuildConfiguration;
			buildSettings = {
				ASSETCATALOG_COMPILER_APPICON_NAME = AppIcon;
				ASSETCATALOG_COMPILER_GLOBAL_ACCENT_COLOR_NAME = AccentColor;
				CODE_SIGN_STYLE = Automatic;
				CURRENT_PROJECT_VERSION = 1;
				DEVELOPMENT_ASSET_PATHS = "\"MovieChallenge/Preview Content\"";
				ENABLE_PREVIEWS = YES;
				GENERATE_INFOPLIST_FILE = YES;
				INFOPLIST_KEY_UIApplicationSceneManifest_Generation = YES;
				INFOPLIST_KEY_UIApplicationSupportsIndirectInputEvents = YES;
				INFOPLIST_KEY_UILaunchScreen_Generation = YES;
				INFOPLIST_KEY_UISupportedInterfaceOrientations_iPad = "UIInterfaceOrientationPortrait UIInterfaceOrientationPortraitUpsideDown UIInterfaceOrientationLandscapeLeft UIInterfaceOrientationLandscapeRight";
				INFOPLIST_KEY_UISupportedInterfaceOrientations_iPhone = "UIInterfaceOrientationPortrait UIInterfaceOrientationLandscapeLeft UIInterfaceOrientationLandscapeRight";
				IPHONEOS_DEPLOYMENT_TARGET = 14.0;
				LD_RUNPATH_SEARCH_PATHS = (
					"$(inherited)",
					"@executable_path/Frameworks",
				);
				MARKETING_VERSION = 1.0;
				PRODUCT_BUNDLE_IDENTIFIER = com.example.MovieChallenge;
				PRODUCT_NAME = "$(TARGET_NAME)";
				SWIFT_EMIT_LOC_STRINGS = YES;
				SWIFT_VERSION = 5.0;
				TARGETED_DEVICE_FAMILY = "1,2";
			};
			name = Debug;
		};
		303CB37E276A75B400715AD3 /* Release */ = {
			isa = XCBuildConfiguration;
			buildSettings = {
				ASSETCATALOG_COMPILER_APPICON_NAME = AppIcon;
				ASSETCATALOG_COMPILER_GLOBAL_ACCENT_COLOR_NAME = AccentColor;
				CODE_SIGN_STYLE = Automatic;
				CURRENT_PROJECT_VERSION = 1;
				DEVELOPMENT_ASSET_PATHS = "\"MovieChallenge/Preview Content\"";
				ENABLE_PREVIEWS = YES;
				GENERATE_INFOPLIST_FILE = YES;
				INFOPLIST_KEY_UIApplicationSceneManifest_Generation = YES;
				INFOPLIST_KEY_UIApplicationSupportsIndirectInputEvents = YES;
				INFOPLIST_KEY_UILaunchScreen_Generation = YES;
				INFOPLIST_KEY_UISupportedInterfaceOrientations_iPad = "UIInterfaceOrientationPortrait UIInterfaceOrientationPortraitUpsideDown UIInterfaceOrientationLandscapeLeft UIInterfaceOrientationLandscapeRight";
				INFOPLIST_KEY_UISupportedInterfaceOrientations_iPhone = "UIInterfaceOrientationPortrait UIInterfaceOrientationLandscapeLeft UIInterfaceOrientationLandscapeRight";
				IPHONEOS_DEPLOYMENT_TARGET = 14.0;
				LD_RUNPATH_SEARCH_PATHS = (
					"$(inherited)",
					"@executable_path/Frameworks",
				);
				MARKETING_VERSION = 1.0;
				PRODUCT_BUNDLE_IDENTIFIER = com.example.MovieChallenge;
				PRODUCT_NAME = "$(TARGET_NAME)";
				SWIFT_EMIT_LOC_STRINGS = YES;
				SWIFT_VERSION = 5.0;
				TARGETED_DEVICE_FAMILY = "1,2";
			};
			name = Release;
		};
		303CB380276A75B400715AD3 /* Debug */ = {
			isa = XCBuildConfiguration;
			buildSettings = {
				ALWAYS_EMBED_SWIFT_STANDARD_LIBRARIES = YES;
				BUNDLE_LOADER = "$(TEST_HOST)";
				CODE_SIGN_STYLE = Automatic;
				CURRENT_PROJECT_VERSION = 1;
				GENERATE_INFOPLIST_FILE = YES;
				IPHONEOS_DEPLOYMENT_TARGET = 14.0;
				LD_RUNPATH_SEARCH_PATHS = (
					"$(inherited)",
					"@executable_path/Frameworks",
					"@loader_path/Frameworks",
				);
				MARKETING_VERSION = 1.0;
				PRODUCT_BUNDLE_IDENTIFIER = com.example.MovieChallengeTests;
				PRODUCT_NAME = "$(TARGET_NAME)";
				SWIFT_EMIT_LOC_STRINGS = NO;
				SWIFT_VERSION = 5.0;
				TARGETED_DEVICE_FAMILY = "1,2";
				TEST_HOST = "$(BUILT_PRODUCTS_DIR)/MovieChallenge.app/MovieChallenge";
			};
			name = Debug;
		};
		303CB381276A75B400715AD3 /* Release */ = {
			isa = XCBuildConfiguration;
			buildSettings = {
				ALWAYS_EMBED_SWIFT_STANDARD_LIBRARIES = YES;
				BUNDLE_LOADER = "$(TEST_HOST)";
				CODE_SIGN_STYLE = Automatic;
				CURRENT_PROJECT_VERSION = 1;
				GENERATE_INFOPLIST_FILE = YES;
				IPHONEOS_DEPLOYMENT_TARGET = 14.0;
				LD_RUNPATH_SEARCH_PATHS = (
					"$(inherited)",
					"@executable_path/Frameworks",
					"@loader_path/Frameworks",
				);
				MARKETING_VERSION = 1.0;
				PRODUCT_BUNDLE_IDENTIFIER = com.example.MovieChallengeTests;
				PRODUCT_NAME = "$(TARGET_NAME)";
				SWIFT_EMIT_LOC_STRINGS = NO;
				SWIFT_VERSION = 5.0;
				TARGETED_DEVICE_FAMILY = "1,2";
				TEST_HOST = "$(BUILT_PRODUCTS_DIR)/MovieChallenge.app/MovieChallenge";
			};
			name = Release;
		};
		303CB383276A75B400715AD3 /* Debug */ = {
			isa = XCBuildConfiguration;
			buildSettings = {
				ALWAYS_EMBED_SWIFT_STANDARD_LIBRARIES = YES;
				CODE_SIGN_STYLE = Automatic;
				CURRENT_PROJECT_VERSION = 1;
				GENERATE_INFOPLIST_FILE = YES;
				LD_RUNPATH_SEARCH_PATHS = (
					"$(inherited)",
					"@executable_path/Frameworks",
					"@loader_path/Frameworks",
				);
				MARKETING_VERSION = 1.0;
				PRODUCT_BUNDLE_IDENTIFIER = com.example.MovieChallengeUITests;
				PRODUCT_NAME = "$(TARGET_NAME)";
				SWIFT_EMIT_LOC_STRINGS = NO;
				SWIFT_VERSION = 5.0;
				TARGETED_DEVICE_FAMILY = "1,2";
				TEST_TARGET_NAME = MovieChallenge;
			};
			name = Debug;
		};
		303CB384276A75B400715AD3 /* Release */ = {
			isa = XCBuildConfiguration;
			buildSettings = {
				ALWAYS_EMBED_SWIFT_STANDARD_LIBRARIES = YES;
				CODE_SIGN_STYLE = Automatic;
				CURRENT_PROJECT_VERSION = 1;
				GENERATE_INFOPLIST_FILE = YES;
				LD_RUNPATH_SEARCH_PATHS = (
					"$(inherited)",
					"@executable_path/Frameworks",
					"@loader_path/Frameworks",
				);
				MARKETING_VERSION = 1.0;
				PRODUCT_BUNDLE_IDENTIFIER = com.example.MovieChallengeUITests;
				PRODUCT_NAME = "$(TARGET_NAME)";
				SWIFT_EMIT_LOC_STRINGS = NO;
				SWIFT_VERSION = 5.0;
				TARGETED_DEVICE_FAMILY = "1,2";
				TEST_TARGET_NAME = MovieChallenge;
			};
			name = Release;
		};
/* End XCBuildConfiguration section */

/* Begin XCConfigurationList section */
		303CB353276A75B300715AD3 /* Build configuration list for PBXProject "MovieChallenge" */ = {
			isa = XCConfigurationList;
			buildConfigurations = (
				303CB37A276A75B400715AD3 /* Debug */,
				303CB37B276A75B400715AD3 /* Release */,
			);
			defaultConfigurationIsVisible = 0;
			defaultConfigurationName = Release;
		};
		303CB37C276A75B400715AD3 /* Build configuration list for PBXNativeTarget "MovieChallenge" */ = {
			isa = XCConfigurationList;
			buildConfigurations = (
				303CB37D276A75B400715AD3 /* Debug */,
				303CB37E276A75B400715AD3 /* Release */,
			);
			defaultConfigurationIsVisible = 0;
			defaultConfigurationName = Release;
		};
		303CB37F276A75B400715AD3 /* Build configuration list for PBXNativeTarget "MovieChallengeTests" */ = {
			isa = XCConfigurationList;
			buildConfigurations = (
				303CB380276A75B400715AD3 /* Debug */,
				303CB381276A75B400715AD3 /* Release */,
			);
			defaultConfigurationIsVisible = 0;
			defaultConfigurationName = Release;
		};
		303CB382276A75B400715AD3 /* Build configuration list for PBXNativeTarget "MovieChallengeUITests" */ = {
			isa = XCConfigurationList;
			buildConfigurations = (
				303CB383276A75B400715AD3 /* Debug */,
				303CB384276A75B400715AD3 /* Release */,
			);
			defaultConfigurationIsVisible = 0;
			defaultConfigurationName = Release;
		};
/* End XCConfigurationList section */
	};
	rootObject = 303CB350276A75B300715AD3 /* Project object */;
}
